// !$*UTF8*$!
{
	archiveVersion = 1;
	classes = {
	};
	objectVersion = 50;
	objects = {

/* Begin PBXBuildFile section */
		20644210219394CB0036D63F /* MatrixNetworkOperation.swift in Sources */ = {isa = PBXBuildFile; fileRef = 2064420F219394CB0036D63F /* MatrixNetworkOperation.swift */; };
		20644212219395800036D63F /* NetworkDataManager.swift in Sources */ = {isa = PBXBuildFile; fileRef = 20644211219395800036D63F /* NetworkDataManager.swift */; };
		20644214219397C60036D63F /* CharacterListNetworkOperation.swift in Sources */ = {isa = PBXBuildFile; fileRef = 20644213219397C60036D63F /* CharacterListNetworkOperation.swift */; };
		20644216219399C80036D63F /* CharacterListRepository.swift in Sources */ = {isa = PBXBuildFile; fileRef = 20644215219399C80036D63F /* CharacterListRepository.swift */; };
		2064421821939B160036D63F /* CharactersNetworkDataSource.swift in Sources */ = {isa = PBXBuildFile; fileRef = 2064421721939B160036D63F /* CharactersNetworkDataSource.swift */; };
		2064421A21939D010036D63F /* CharacterListInteractor.swift in Sources */ = {isa = PBXBuildFile; fileRef = 2064421921939D010036D63F /* CharacterListInteractor.swift */; };
		2064421C21939E610036D63F /* CharacterListPresenter.swift in Sources */ = {isa = PBXBuildFile; fileRef = 2064421B21939E610036D63F /* CharacterListPresenter.swift */; };
		2064421E2193A0EB0036D63F /* CharacterViewModel.swift in Sources */ = {isa = PBXBuildFile; fileRef = 2064421D2193A0EB0036D63F /* CharacterViewModel.swift */; };
		206442202193A1FB0036D63F /* CharacterListRouter.swift in Sources */ = {isa = PBXBuildFile; fileRef = 2064421F2193A1FB0036D63F /* CharacterListRouter.swift */; };
		206442222193A33B0036D63F /* MainRouter.swift in Sources */ = {isa = PBXBuildFile; fileRef = 206442212193A33B0036D63F /* MainRouter.swift */; };
		206442242193A3890036D63F /* ServiceLocator.swift in Sources */ = {isa = PBXBuildFile; fileRef = 206442232193A3890036D63F /* ServiceLocator.swift */; };
		206442262193A3D90036D63F /* UIApplication+Extensions.swift in Sources */ = {isa = PBXBuildFile; fileRef = 206442252193A3D90036D63F /* UIApplication+Extensions.swift */; };
		206442282193A5660036D63F /* UIViewController+Extension.swift in Sources */ = {isa = PBXBuildFile; fileRef = 206442272193A5660036D63F /* UIViewController+Extension.swift */; };
		206A38D32193814E00E2F689 /* AppDelegate.swift in Sources */ = {isa = PBXBuildFile; fileRef = 206A38D22193814E00E2F689 /* AppDelegate.swift */; };
		206A38DA2193815000E2F689 /* Assets.xcassets in Resources */ = {isa = PBXBuildFile; fileRef = 206A38D92193815000E2F689 /* Assets.xcassets */; };
		206A38E82193815000E2F689 /* MatrixPediaTests.swift in Sources */ = {isa = PBXBuildFile; fileRef = 206A38E72193815000E2F689 /* MatrixPediaTests.swift */; };
		206A38F3219381DF00E2F689 /* LaunchScreen.storyboard in Resources */ = {isa = PBXBuildFile; fileRef = 206A38F2219381DF00E2F689 /* LaunchScreen.storyboard */; };
		206A38F5219381F900E2F689 /* CharacterListViewController.swift in Sources */ = {isa = PBXBuildFile; fileRef = 206A38F4219381F900E2F689 /* CharacterListViewController.swift */; };
		206A38F72193822200E2F689 /* MatrixCharacter.swift in Sources */ = {isa = PBXBuildFile; fileRef = 206A38F62193822200E2F689 /* MatrixCharacter.swift */; };
		206A38F9219388E700E2F689 /* CharacterProfileViewController.swift in Sources */ = {isa = PBXBuildFile; fileRef = 206A38F8219388E700E2F689 /* CharacterProfileViewController.swift */; };
		206A38FB21938BEB00E2F689 /* CharacterProfile.swift in Sources */ = {isa = PBXBuildFile; fileRef = 206A38FA21938BEB00E2F689 /* CharacterProfile.swift */; };
		7FAF65D773742567063147C8 /* Pods_MatrixPediaTests.framework in Frameworks */ = {isa = PBXBuildFile; fileRef = 3F19F56A9FD524C2C784C6A1 /* Pods_MatrixPediaTests.framework */; };
		AAA348DB444F913F825274DD /* Pods_MatrixPedia.framework in Frameworks */ = {isa = PBXBuildFile; fileRef = ADBAF43F1A9C3C0A1EAC461F /* Pods_MatrixPedia.framework */; };
/* End PBXBuildFile section */

/* Begin PBXContainerItemProxy section */
		206A38E42193815000E2F689 /* PBXContainerItemProxy */ = {
			isa = PBXContainerItemProxy;
			containerPortal = 206A38C72193814E00E2F689 /* Project object */;
			proxyType = 1;
			remoteGlobalIDString = 206A38CE2193814E00E2F689;
			remoteInfo = MatrixPedia;
		};
/* End PBXContainerItemProxy section */

/* Begin PBXFileReference section */
		2064420F219394CB0036D63F /* MatrixNetworkOperation.swift */ = {isa = PBXFileReference; lastKnownFileType = sourcecode.swift; path = MatrixNetworkOperation.swift; sourceTree = "<group>"; };
		20644211219395800036D63F /* NetworkDataManager.swift */ = {isa = PBXFileReference; lastKnownFileType = sourcecode.swift; path = NetworkDataManager.swift; sourceTree = "<group>"; };
		20644213219397C60036D63F /* CharacterListNetworkOperation.swift */ = {isa = PBXFileReference; lastKnownFileType = sourcecode.swift; path = CharacterListNetworkOperation.swift; sourceTree = "<group>"; };
		20644215219399C80036D63F /* CharacterListRepository.swift */ = {isa = PBXFileReference; lastKnownFileType = sourcecode.swift; path = CharacterListRepository.swift; sourceTree = "<group>"; };
		2064421721939B160036D63F /* CharactersNetworkDataSource.swift */ = {isa = PBXFileReference; lastKnownFileType = sourcecode.swift; path = CharactersNetworkDataSource.swift; sourceTree = "<group>"; };
		2064421921939D010036D63F /* CharacterListInteractor.swift */ = {isa = PBXFileReference; lastKnownFileType = sourcecode.swift; path = CharacterListInteractor.swift; sourceTree = "<group>"; };
		2064421B21939E610036D63F /* CharacterListPresenter.swift */ = {isa = PBXFileReference; lastKnownFileType = sourcecode.swift; path = CharacterListPresenter.swift; sourceTree = "<group>"; };
		2064421D2193A0EB0036D63F /* CharacterViewModel.swift */ = {isa = PBXFileReference; lastKnownFileType = sourcecode.swift; path = CharacterViewModel.swift; sourceTree = "<group>"; };
		2064421F2193A1FB0036D63F /* CharacterListRouter.swift */ = {isa = PBXFileReference; lastKnownFileType = sourcecode.swift; path = CharacterListRouter.swift; sourceTree = "<group>"; };
		206442212193A33B0036D63F /* MainRouter.swift */ = {isa = PBXFileReference; lastKnownFileType = sourcecode.swift; path = MainRouter.swift; sourceTree = "<group>"; };
		206442232193A3890036D63F /* ServiceLocator.swift */ = {isa = PBXFileReference; lastKnownFileType = sourcecode.swift; path = ServiceLocator.swift; sourceTree = "<group>"; };
		206442252193A3D90036D63F /* UIApplication+Extensions.swift */ = {isa = PBXFileReference; lastKnownFileType = sourcecode.swift; path = "UIApplication+Extensions.swift"; sourceTree = "<group>"; };
		206442272193A5660036D63F /* UIViewController+Extension.swift */ = {isa = PBXFileReference; lastKnownFileType = sourcecode.swift; path = "UIViewController+Extension.swift"; sourceTree = "<group>"; };
		206A38CF2193814E00E2F689 /* MatrixPedia.app */ = {isa = PBXFileReference; explicitFileType = wrapper.application; includeInIndex = 0; path = MatrixPedia.app; sourceTree = BUILT_PRODUCTS_DIR; };
		206A38D22193814E00E2F689 /* AppDelegate.swift */ = {isa = PBXFileReference; lastKnownFileType = sourcecode.swift; path = AppDelegate.swift; sourceTree = "<group>"; };
		206A38D92193815000E2F689 /* Assets.xcassets */ = {isa = PBXFileReference; lastKnownFileType = folder.assetcatalog; path = Assets.xcassets; sourceTree = "<group>"; };
		206A38DE2193815000E2F689 /* Info.plist */ = {isa = PBXFileReference; lastKnownFileType = text.plist.xml; path = Info.plist; sourceTree = "<group>"; };
		206A38E32193815000E2F689 /* MatrixPediaTests.xctest */ = {isa = PBXFileReference; explicitFileType = wrapper.cfbundle; includeInIndex = 0; path = MatrixPediaTests.xctest; sourceTree = BUILT_PRODUCTS_DIR; };
		206A38E72193815000E2F689 /* MatrixPediaTests.swift */ = {isa = PBXFileReference; lastKnownFileType = sourcecode.swift; path = MatrixPediaTests.swift; sourceTree = "<group>"; };
		206A38E92193815000E2F689 /* Info.plist */ = {isa = PBXFileReference; lastKnownFileType = text.plist.xml; path = Info.plist; sourceTree = "<group>"; };
		206A38F2219381DF00E2F689 /* LaunchScreen.storyboard */ = {isa = PBXFileReference; lastKnownFileType = file.storyboard; path = LaunchScreen.storyboard; sourceTree = "<group>"; };
		206A38F4219381F900E2F689 /* CharacterListViewController.swift */ = {isa = PBXFileReference; lastKnownFileType = sourcecode.swift; path = CharacterListViewController.swift; sourceTree = "<group>"; };
		206A38F62193822200E2F689 /* MatrixCharacter.swift */ = {isa = PBXFileReference; lastKnownFileType = sourcecode.swift; path = MatrixCharacter.swift; sourceTree = "<group>"; };
		206A38F8219388E700E2F689 /* CharacterProfileViewController.swift */ = {isa = PBXFileReference; lastKnownFileType = sourcecode.swift; path = CharacterProfileViewController.swift; sourceTree = "<group>"; };
		206A38FA21938BEB00E2F689 /* CharacterProfile.swift */ = {isa = PBXFileReference; lastKnownFileType = sourcecode.swift; path = CharacterProfile.swift; sourceTree = "<group>"; };
		2FB1E376B50F78412CC4E058 /* Pods-MatrixPediaTests.debug.xcconfig */ = {isa = PBXFileReference; includeInIndex = 1; lastKnownFileType = text.xcconfig; name = "Pods-MatrixPediaTests.debug.xcconfig"; path = "Pods/Target Support Files/Pods-MatrixPediaTests/Pods-MatrixPediaTests.debug.xcconfig"; sourceTree = "<group>"; };
		3F19F56A9FD524C2C784C6A1 /* Pods_MatrixPediaTests.framework */ = {isa = PBXFileReference; explicitFileType = wrapper.framework; includeInIndex = 0; path = Pods_MatrixPediaTests.framework; sourceTree = BUILT_PRODUCTS_DIR; };
		582B3656599B4EFAD4C5A3BF /* Pods-MatrixPediaTests.release.xcconfig */ = {isa = PBXFileReference; includeInIndex = 1; lastKnownFileType = text.xcconfig; name = "Pods-MatrixPediaTests.release.xcconfig"; path = "Pods/Target Support Files/Pods-MatrixPediaTests/Pods-MatrixPediaTests.release.xcconfig"; sourceTree = "<group>"; };
		6786DECDE563BED5BA24C569 /* Pods-MatrixPedia.debug.xcconfig */ = {isa = PBXFileReference; includeInIndex = 1; lastKnownFileType = text.xcconfig; name = "Pods-MatrixPedia.debug.xcconfig"; path = "Pods/Target Support Files/Pods-MatrixPedia/Pods-MatrixPedia.debug.xcconfig"; sourceTree = "<group>"; };
		78373F605EB23A64B9095D85 /* Pods-MatrixPedia.release.xcconfig */ = {isa = PBXFileReference; includeInIndex = 1; lastKnownFileType = text.xcconfig; name = "Pods-MatrixPedia.release.xcconfig"; path = "Pods/Target Support Files/Pods-MatrixPedia/Pods-MatrixPedia.release.xcconfig"; sourceTree = "<group>"; };
		ADBAF43F1A9C3C0A1EAC461F /* Pods_MatrixPedia.framework */ = {isa = PBXFileReference; explicitFileType = wrapper.framework; includeInIndex = 0; path = Pods_MatrixPedia.framework; sourceTree = BUILT_PRODUCTS_DIR; };
/* End PBXFileReference section */

/* Begin PBXFrameworksBuildPhase section */
		206A38CC2193814E00E2F689 /* Frameworks */ = {
			isa = PBXFrameworksBuildPhase;
			buildActionMask = 2147483647;
			files = (
				AAA348DB444F913F825274DD /* Pods_MatrixPedia.framework in Frameworks */,
			);
			runOnlyForDeploymentPostprocessing = 0;
		};
		206A38E02193815000E2F689 /* Frameworks */ = {
			isa = PBXFrameworksBuildPhase;
			buildActionMask = 2147483647;
			files = (
				7FAF65D773742567063147C8 /* Pods_MatrixPediaTests.framework in Frameworks */,
			);
			runOnlyForDeploymentPostprocessing = 0;
		};
/* End PBXFrameworksBuildPhase section */

/* Begin PBXGroup section */
		206442042193941A0036D63F /* Extensions */ = {
			isa = PBXGroup;
			children = (
				206442252193A3D90036D63F /* UIApplication+Extensions.swift */,
				206442272193A5660036D63F /* UIViewController+Extension.swift */,
			);
			path = Extensions;
			sourceTree = "<group>";
		};
		20644205219394210036D63F /* Base */ = {
			isa = PBXGroup;
			children = (
				206442212193A33B0036D63F /* MainRouter.swift */,
				206442232193A3890036D63F /* ServiceLocator.swift */,
			);
			path = Base;
			sourceTree = "<group>";
		};
		20644206219394280036D63F /* Modules */ = {
			isa = PBXGroup;
			children = (
				20644209219394420036D63F /* CharacterList */,
			);
			path = Modules;
			sourceTree = "<group>";
		};
		206442072193942D0036D63F /* Network */ = {
			isa = PBXGroup;
			children = (
				2064420F219394CB0036D63F /* MatrixNetworkOperation.swift */,
				20644211219395800036D63F /* NetworkDataManager.swift */,
			);
			path = Network;
			sourceTree = "<group>";
		};
		20644208219394330036D63F /* Resources */ = {
			isa = PBXGroup;
			children = (
			);
			path = Resources;
			sourceTree = "<group>";
		};
		20644209219394420036D63F /* CharacterList */ = {
			isa = PBXGroup;
			children = (
				206442292193B0E40036D63F /* Router */,
				2064420E219394610036D63F /* Data */,
				2064420D2193945E0036D63F /* Domain */,
				2064420C219394540036D63F /* Presentation */,
			);
			path = CharacterList;
			sourceTree = "<group>";
		};
		2064420C219394540036D63F /* Presentation */ = {
			isa = PBXGroup;
			children = (
				2064421B21939E610036D63F /* CharacterListPresenter.swift */,
				2064421D2193A0EB0036D63F /* CharacterViewModel.swift */,
				206A38F4219381F900E2F689 /* CharacterListViewController.swift */,
			);
			path = Presentation;
			sourceTree = "<group>";
		};
		2064420D2193945E0036D63F /* Domain */ = {
			isa = PBXGroup;
			children = (
				2064421921939D010036D63F /* CharacterListInteractor.swift */,
			);
			path = Domain;
			sourceTree = "<group>";
		};
		2064420E219394610036D63F /* Data */ = {
			isa = PBXGroup;
			children = (
				206A38F62193822200E2F689 /* MatrixCharacter.swift */,
				20644213219397C60036D63F /* CharacterListNetworkOperation.swift */,
				20644215219399C80036D63F /* CharacterListRepository.swift */,
				2064421721939B160036D63F /* CharactersNetworkDataSource.swift */,
			);
			path = Data;
			sourceTree = "<group>";
		};
		206442292193B0E40036D63F /* Router */ = {
			isa = PBXGroup;
			children = (
				2064421F2193A1FB0036D63F /* CharacterListRouter.swift */,
			);
			path = Router;
			sourceTree = "<group>";
		};
		206A38C62193814E00E2F689 = {
			isa = PBXGroup;
			children = (
				206A38D12193814E00E2F689 /* MatrixPedia */,
				206A38E62193815000E2F689 /* MatrixPediaTests */,
				206A38D02193814E00E2F689 /* Products */,
				DCD12844D647206A164248D2 /* Pods */,
				C468BBE6512D257BCF36D399 /* Frameworks */,
			);
			sourceTree = "<group>";
		};
		206A38D02193814E00E2F689 /* Products */ = {
			isa = PBXGroup;
			children = (
				206A38CF2193814E00E2F689 /* MatrixPedia.app */,
				206A38E32193815000E2F689 /* MatrixPediaTests.xctest */,
			);
			name = Products;
			sourceTree = "<group>";
		};
		206A38D12193814E00E2F689 /* MatrixPedia */ = {
			isa = PBXGroup;
			children = (
				20644208219394330036D63F /* Resources */,
				206442072193942D0036D63F /* Network */,
				20644206219394280036D63F /* Modules */,
				20644205219394210036D63F /* Base */,
				206442042193941A0036D63F /* Extensions */,
				206A38D22193814E00E2F689 /* AppDelegate.swift */,
				206A38D92193815000E2F689 /* Assets.xcassets */,
				206A38DE2193815000E2F689 /* Info.plist */,
				206A38F2219381DF00E2F689 /* LaunchScreen.storyboard */,
				206A38F8219388E700E2F689 /* CharacterProfileViewController.swift */,
				206A38FA21938BEB00E2F689 /* CharacterProfile.swift */,
			);
			path = MatrixPedia;
			sourceTree = "<group>";
		};
		206A38E62193815000E2F689 /* MatrixPediaTests */ = {
			isa = PBXGroup;
			children = (
				206A38E72193815000E2F689 /* MatrixPediaTests.swift */,
				206A38E92193815000E2F689 /* Info.plist */,
			);
			path = MatrixPediaTests;
			sourceTree = "<group>";
		};
		C468BBE6512D257BCF36D399 /* Frameworks */ = {
			isa = PBXGroup;
			children = (
				ADBAF43F1A9C3C0A1EAC461F /* Pods_MatrixPedia.framework */,
				3F19F56A9FD524C2C784C6A1 /* Pods_MatrixPediaTests.framework */,
			);
			name = Frameworks;
			sourceTree = "<group>";
		};
		DCD12844D647206A164248D2 /* Pods */ = {
			isa = PBXGroup;
			children = (
				6786DECDE563BED5BA24C569 /* Pods-MatrixPedia.debug.xcconfig */,
				78373F605EB23A64B9095D85 /* Pods-MatrixPedia.release.xcconfig */,
				2FB1E376B50F78412CC4E058 /* Pods-MatrixPediaTests.debug.xcconfig */,
				582B3656599B4EFAD4C5A3BF /* Pods-MatrixPediaTests.release.xcconfig */,
			);
			name = Pods;
			sourceTree = "<group>";
		};
/* End PBXGroup section */

/* Begin PBXNativeTarget section */
		206A38CE2193814E00E2F689 /* MatrixPedia */ = {
			isa = PBXNativeTarget;
			buildConfigurationList = 206A38EC2193815000E2F689 /* Build configuration list for PBXNativeTarget "MatrixPedia" */;
			buildPhases = (
				452BA493DB737B9D3319E270 /* [CP] Check Pods Manifest.lock */,
				206A38CB2193814E00E2F689 /* Sources */,
				206A38CC2193814E00E2F689 /* Frameworks */,
				206A38CD2193814E00E2F689 /* Resources */,
				CDE8F5C0249A97274FEC61FE /* [CP] Embed Pods Frameworks */,
			);
			buildRules = (
			);
			dependencies = (
			);
			name = MatrixPedia;
			productName = MatrixPedia;
			productReference = 206A38CF2193814E00E2F689 /* MatrixPedia.app */;
			productType = "com.apple.product-type.application";
		};
		206A38E22193815000E2F689 /* MatrixPediaTests */ = {
			isa = PBXNativeTarget;
			buildConfigurationList = 206A38EF2193815000E2F689 /* Build configuration list for PBXNativeTarget "MatrixPediaTests" */;
			buildPhases = (
				3EB1A7D1FDBB60ACB557BF0F /* [CP] Check Pods Manifest.lock */,
				206A38DF2193815000E2F689 /* Sources */,
				206A38E02193815000E2F689 /* Frameworks */,
				206A38E12193815000E2F689 /* Resources */,
			);
			buildRules = (
			);
			dependencies = (
				206A38E52193815000E2F689 /* PBXTargetDependency */,
			);
			name = MatrixPediaTests;
			productName = MatrixPediaTests;
			productReference = 206A38E32193815000E2F689 /* MatrixPediaTests.xctest */;
			productType = "com.apple.product-type.bundle.unit-test";
		};
/* End PBXNativeTarget section */

/* Begin PBXProject section */
		206A38C72193814E00E2F689 /* Project object */ = {
			isa = PBXProject;
			attributes = {
				LastSwiftUpdateCheck = 1010;
				LastUpgradeCheck = 1010;
				ORGANIZATIONNAME = "Adrián Silva";
				TargetAttributes = {
					206A38CE2193814E00E2F689 = {
						CreatedOnToolsVersion = 10.1;
					};
					206A38E22193815000E2F689 = {
						CreatedOnToolsVersion = 10.1;
						TestTargetID = 206A38CE2193814E00E2F689;
					};
				};
			};
			buildConfigurationList = 206A38CA2193814E00E2F689 /* Build configuration list for PBXProject "MatrixPedia" */;
			compatibilityVersion = "Xcode 9.3";
			developmentRegion = en;
			hasScannedForEncodings = 0;
			knownRegions = (
				en,
				Base,
			);
			mainGroup = 206A38C62193814E00E2F689;
			productRefGroup = 206A38D02193814E00E2F689 /* Products */;
			projectDirPath = "";
			projectRoot = "";
			targets = (
				206A38CE2193814E00E2F689 /* MatrixPedia */,
				206A38E22193815000E2F689 /* MatrixPediaTests */,
			);
		};
/* End PBXProject section */

/* Begin PBXResourcesBuildPhase section */
		206A38CD2193814E00E2F689 /* Resources */ = {
			isa = PBXResourcesBuildPhase;
			buildActionMask = 2147483647;
			files = (
				206A38DA2193815000E2F689 /* Assets.xcassets in Resources */,
				206A38F3219381DF00E2F689 /* LaunchScreen.storyboard in Resources */,
			);
			runOnlyForDeploymentPostprocessing = 0;
		};
		206A38E12193815000E2F689 /* Resources */ = {
			isa = PBXResourcesBuildPhase;
			buildActionMask = 2147483647;
			files = (
			);
			runOnlyForDeploymentPostprocessing = 0;
		};
/* End PBXResourcesBuildPhase section */

/* Begin PBXShellScriptBuildPhase section */
		3EB1A7D1FDBB60ACB557BF0F /* [CP] Check Pods Manifest.lock */ = {
			isa = PBXShellScriptBuildPhase;
			buildActionMask = 2147483647;
			files = (
			);
			inputFileListPaths = (
			);
			inputPaths = (
				"${PODS_PODFILE_DIR_PATH}/Podfile.lock",
				"${PODS_ROOT}/Manifest.lock",
			);
			name = "[CP] Check Pods Manifest.lock";
			outputFileListPaths = (
			);
			outputPaths = (
				"$(DERIVED_FILE_DIR)/Pods-MatrixPediaTests-checkManifestLockResult.txt",
			);
			runOnlyForDeploymentPostprocessing = 0;
			shellPath = /bin/sh;
			shellScript = "diff \"${PODS_PODFILE_DIR_PATH}/Podfile.lock\" \"${PODS_ROOT}/Manifest.lock\" > /dev/null\nif [ $? != 0 ] ; then\n    # print error to STDERR\n    echo \"error: The sandbox is not in sync with the Podfile.lock. Run 'pod install' or update your CocoaPods installation.\" >&2\n    exit 1\nfi\n# This output is used by Xcode 'outputs' to avoid re-running this script phase.\necho \"SUCCESS\" > \"${SCRIPT_OUTPUT_FILE_0}\"\n";
			showEnvVarsInLog = 0;
		};
		452BA493DB737B9D3319E270 /* [CP] Check Pods Manifest.lock */ = {
			isa = PBXShellScriptBuildPhase;
			buildActionMask = 2147483647;
			files = (
			);
			inputFileListPaths = (
			);
			inputPaths = (
				"${PODS_PODFILE_DIR_PATH}/Podfile.lock",
				"${PODS_ROOT}/Manifest.lock",
			);
			name = "[CP] Check Pods Manifest.lock";
			outputFileListPaths = (
			);
			outputPaths = (
				"$(DERIVED_FILE_DIR)/Pods-MatrixPedia-checkManifestLockResult.txt",
			);
			runOnlyForDeploymentPostprocessing = 0;
			shellPath = /bin/sh;
			shellScript = "diff \"${PODS_PODFILE_DIR_PATH}/Podfile.lock\" \"${PODS_ROOT}/Manifest.lock\" > /dev/null\nif [ $? != 0 ] ; then\n    # print error to STDERR\n    echo \"error: The sandbox is not in sync with the Podfile.lock. Run 'pod install' or update your CocoaPods installation.\" >&2\n    exit 1\nfi\n# This output is used by Xcode 'outputs' to avoid re-running this script phase.\necho \"SUCCESS\" > \"${SCRIPT_OUTPUT_FILE_0}\"\n";
			showEnvVarsInLog = 0;
		};
		CDE8F5C0249A97274FEC61FE /* [CP] Embed Pods Frameworks */ = {
			isa = PBXShellScriptBuildPhase;
			buildActionMask = 2147483647;
			files = (
			);
			inputFileListPaths = (
			);
			inputPaths = (
				"${SRCROOT}/Pods/Target Support Files/Pods-MatrixPedia/Pods-MatrixPedia-frameworks.sh",
				"${BUILT_PRODUCTS_DIR}/Alamofire/Alamofire.framework",
			);
			name = "[CP] Embed Pods Frameworks";
			outputFileListPaths = (
			);
			outputPaths = (
				"${TARGET_BUILD_DIR}/${FRAMEWORKS_FOLDER_PATH}/Alamofire.framework",
			);
			runOnlyForDeploymentPostprocessing = 0;
			shellPath = /bin/sh;
			shellScript = "\"${SRCROOT}/Pods/Target Support Files/Pods-MatrixPedia/Pods-MatrixPedia-frameworks.sh\"\n";
			showEnvVarsInLog = 0;
		};
/* End PBXShellScriptBuildPhase section */

/* Begin PBXSourcesBuildPhase section */
		206A38CB2193814E00E2F689 /* Sources */ = {
			isa = PBXSourcesBuildPhase;
			buildActionMask = 2147483647;
			files = (
				206442282193A5660036D63F /* UIViewController+Extension.swift in Sources */,
				206A38F9219388E700E2F689 /* CharacterProfileViewController.swift in Sources */,
				2064421821939B160036D63F /* CharactersNetworkDataSource.swift in Sources */,
				206A38F72193822200E2F689 /* MatrixCharacter.swift in Sources */,
				20644214219397C60036D63F /* CharacterListNetworkOperation.swift in Sources */,
				206442262193A3D90036D63F /* UIApplication+Extensions.swift in Sources */,
				206442242193A3890036D63F /* ServiceLocator.swift in Sources */,
				2064421C21939E610036D63F /* CharacterListPresenter.swift in Sources */,
				206442222193A33B0036D63F /* MainRouter.swift in Sources */,
				206A38F5219381F900E2F689 /* CharacterListViewController.swift in Sources */,
				2064421A21939D010036D63F /* CharacterListInteractor.swift in Sources */,
				206A38FB21938BEB00E2F689 /* CharacterProfile.swift in Sources */,
				2064421E2193A0EB0036D63F /* CharacterViewModel.swift in Sources */,
				20644212219395800036D63F /* NetworkDataManager.swift in Sources */,
				206442202193A1FB0036D63F /* CharacterListRouter.swift in Sources */,
				20644210219394CB0036D63F /* MatrixNetworkOperation.swift in Sources */,
				20644216219399C80036D63F /* CharacterListRepository.swift in Sources */,
				206A38D32193814E00E2F689 /* AppDelegate.swift in Sources */,
			);
			runOnlyForDeploymentPostprocessing = 0;
		};
		206A38DF2193815000E2F689 /* Sources */ = {
			isa = PBXSourcesBuildPhase;
			buildActionMask = 2147483647;
			files = (
				206A38E82193815000E2F689 /* MatrixPediaTests.swift in Sources */,
			);
			runOnlyForDeploymentPostprocessing = 0;
		};
/* End PBXSourcesBuildPhase section */

/* Begin PBXTargetDependency section */
		206A38E52193815000E2F689 /* PBXTargetDependency */ = {
			isa = PBXTargetDependency;
			target = 206A38CE2193814E00E2F689 /* MatrixPedia */;
			targetProxy = 206A38E42193815000E2F689 /* PBXContainerItemProxy */;
		};
/* End PBXTargetDependency section */

/* Begin XCBuildConfiguration section */
		206A38EA2193815000E2F689 /* Debug */ = {
			isa = XCBuildConfiguration;
			buildSettings = {
				ALWAYS_SEARCH_USER_PATHS = NO;
				CLANG_ANALYZER_NONNULL = YES;
				CLANG_ANALYZER_NUMBER_OBJECT_CONVERSION = YES_AGGRESSIVE;
				CLANG_CXX_LANGUAGE_STANDARD = "gnu++14";
				CLANG_CXX_LIBRARY = "libc++";
				CLANG_ENABLE_MODULES = YES;
				CLANG_ENABLE_OBJC_ARC = YES;
				CLANG_ENABLE_OBJC_WEAK = YES;
				CLANG_WARN_BLOCK_CAPTURE_AUTORELEASING = YES;
				CLANG_WARN_BOOL_CONVERSION = YES;
				CLANG_WARN_COMMA = YES;
				CLANG_WARN_CONSTANT_CONVERSION = YES;
				CLANG_WARN_DEPRECATED_OBJC_IMPLEMENTATIONS = YES;
				CLANG_WARN_DIRECT_OBJC_ISA_USAGE = YES_ERROR;
				CLANG_WARN_DOCUMENTATION_COMMENTS = YES;
				CLANG_WARN_EMPTY_BODY = YES;
				CLANG_WARN_ENUM_CONVERSION = YES;
				CLANG_WARN_INFINITE_RECURSION = YES;
				CLANG_WARN_INT_CONVERSION = YES;
				CLANG_WARN_NON_LITERAL_NULL_CONVERSION = YES;
				CLANG_WARN_OBJC_IMPLICIT_RETAIN_SELF = YES;
				CLANG_WARN_OBJC_LITERAL_CONVERSION = YES;
				CLANG_WARN_OBJC_ROOT_CLASS = YES_ERROR;
				CLANG_WARN_RANGE_LOOP_ANALYSIS = YES;
				CLANG_WARN_STRICT_PROTOTYPES = YES;
				CLANG_WARN_SUSPICIOUS_MOVE = YES;
				CLANG_WARN_UNGUARDED_AVAILABILITY = YES_AGGRESSIVE;
				CLANG_WARN_UNREACHABLE_CODE = YES;
				CLANG_WARN__DUPLICATE_METHOD_MATCH = YES;
				CODE_SIGN_IDENTITY = "iPhone Developer";
				COPY_PHASE_STRIP = NO;
				DEBUG_INFORMATION_FORMAT = dwarf;
				ENABLE_STRICT_OBJC_MSGSEND = YES;
				ENABLE_TESTABILITY = YES;
				GCC_C_LANGUAGE_STANDARD = gnu11;
				GCC_DYNAMIC_NO_PIC = NO;
				GCC_NO_COMMON_BLOCKS = YES;
				GCC_OPTIMIZATION_LEVEL = 0;
				GCC_PREPROCESSOR_DEFINITIONS = (
					"DEBUG=1",
					"$(inherited)",
				);
				GCC_WARN_64_TO_32_BIT_CONVERSION = YES;
				GCC_WARN_ABOUT_RETURN_TYPE = YES_ERROR;
				GCC_WARN_UNDECLARED_SELECTOR = YES;
				GCC_WARN_UNINITIALIZED_AUTOS = YES_AGGRESSIVE;
				GCC_WARN_UNUSED_FUNCTION = YES;
				GCC_WARN_UNUSED_VARIABLE = YES;
				IPHONEOS_DEPLOYMENT_TARGET = 12.1;
				MTL_ENABLE_DEBUG_INFO = INCLUDE_SOURCE;
				MTL_FAST_MATH = YES;
				ONLY_ACTIVE_ARCH = YES;
				SDKROOT = iphoneos;
				SWIFT_ACTIVE_COMPILATION_CONDITIONS = DEBUG;
				SWIFT_OPTIMIZATION_LEVEL = "-Onone";
			};
			name = Debug;
		};
		206A38EB2193815000E2F689 /* Release */ = {
			isa = XCBuildConfiguration;
			buildSettings = {
				ALWAYS_SEARCH_USER_PATHS = NO;
				CLANG_ANALYZER_NONNULL = YES;
				CLANG_ANALYZER_NUMBER_OBJECT_CONVERSION = YES_AGGRESSIVE;
				CLANG_CXX_LANGUAGE_STANDARD = "gnu++14";
				CLANG_CXX_LIBRARY = "libc++";
				CLANG_ENABLE_MODULES = YES;
				CLANG_ENABLE_OBJC_ARC = YES;
				CLANG_ENABLE_OBJC_WEAK = YES;
				CLANG_WARN_BLOCK_CAPTURE_AUTORELEASING = YES;
				CLANG_WARN_BOOL_CONVERSION = YES;
				CLANG_WARN_COMMA = YES;
				CLANG_WARN_CONSTANT_CONVERSION = YES;
				CLANG_WARN_DEPRECATED_OBJC_IMPLEMENTATIONS = YES;
				CLANG_WARN_DIRECT_OBJC_ISA_USAGE = YES_ERROR;
				CLANG_WARN_DOCUMENTATION_COMMENTS = YES;
				CLANG_WARN_EMPTY_BODY = YES;
				CLANG_WARN_ENUM_CONVERSION = YES;
				CLANG_WARN_INFINITE_RECURSION = YES;
				CLANG_WARN_INT_CONVERSION = YES;
				CLANG_WARN_NON_LITERAL_NULL_CONVERSION = YES;
				CLANG_WARN_OBJC_IMPLICIT_RETAIN_SELF = YES;
				CLANG_WARN_OBJC_LITERAL_CONVERSION = YES;
				CLANG_WARN_OBJC_ROOT_CLASS = YES_ERROR;
				CLANG_WARN_RANGE_LOOP_ANALYSIS = YES;
				CLANG_WARN_STRICT_PROTOTYPES = YES;
				CLANG_WARN_SUSPICIOUS_MOVE = YES;
				CLANG_WARN_UNGUARDED_AVAILABILITY = YES_AGGRESSIVE;
				CLANG_WARN_UNREACHABLE_CODE = YES;
				CLANG_WARN__DUPLICATE_METHOD_MATCH = YES;
				CODE_SIGN_IDENTITY = "iPhone Developer";
				COPY_PHASE_STRIP = NO;
				DEBUG_INFORMATION_FORMAT = "dwarf-with-dsym";
				ENABLE_NS_ASSERTIONS = NO;
				ENABLE_STRICT_OBJC_MSGSEND = YES;
				GCC_C_LANGUAGE_STANDARD = gnu11;
				GCC_NO_COMMON_BLOCKS = YES;
				GCC_WARN_64_TO_32_BIT_CONVERSION = YES;
				GCC_WARN_ABOUT_RETURN_TYPE = YES_ERROR;
				GCC_WARN_UNDECLARED_SELECTOR = YES;
				GCC_WARN_UNINITIALIZED_AUTOS = YES_AGGRESSIVE;
				GCC_WARN_UNUSED_FUNCTION = YES;
				GCC_WARN_UNUSED_VARIABLE = YES;
				IPHONEOS_DEPLOYMENT_TARGET = 12.1;
				MTL_ENABLE_DEBUG_INFO = NO;
				MTL_FAST_MATH = YES;
				SDKROOT = iphoneos;
				SWIFT_COMPILATION_MODE = wholemodule;
				SWIFT_OPTIMIZATION_LEVEL = "-O";
				VALIDATE_PRODUCT = YES;
			};
			name = Release;
		};
		206A38ED2193815000E2F689 /* Debug */ = {
			isa = XCBuildConfiguration;
			baseConfigurationReference = 6786DECDE563BED5BA24C569 /* Pods-MatrixPedia.debug.xcconfig */;
			buildSettings = {
				ASSETCATALOG_COMPILER_APPICON_NAME = AppIcon;
				CODE_SIGN_STYLE = Automatic;
				DEVELOPMENT_TEAM = 6SZ9MGTL76;
				INFOPLIST_FILE = MatrixPedia/Info.plist;
				LD_RUNPATH_SEARCH_PATHS = (
					"$(inherited)",
					"@executable_path/Frameworks",
				);
				PRODUCT_BUNDLE_IDENTIFIER = com.adsilva.MatrixPedia;
				PRODUCT_NAME = "$(TARGET_NAME)";
				SWIFT_VERSION = 4.2;
				TARGETED_DEVICE_FAMILY = "1,2";
			};
			name = Debug;
		};
		206A38EE2193815000E2F689 /* Release */ = {
			isa = XCBuildConfiguration;
			baseConfigurationReference = 78373F605EB23A64B9095D85 /* Pods-MatrixPedia.release.xcconfig */;
			buildSettings = {
				ASSETCATALOG_COMPILER_APPICON_NAME = AppIcon;
				CODE_SIGN_STYLE = Automatic;
				DEVELOPMENT_TEAM = 6SZ9MGTL76;
				INFOPLIST_FILE = MatrixPedia/Info.plist;
				LD_RUNPATH_SEARCH_PATHS = (
					"$(inherited)",
					"@executable_path/Frameworks",
				);
				PRODUCT_BUNDLE_IDENTIFIER = com.adsilva.MatrixPedia;
				PRODUCT_NAME = "$(TARGET_NAME)";
				SWIFT_VERSION = 4.2;
				TARGETED_DEVICE_FAMILY = "1,2";
			};
			name = Release;
		};
		206A38F02193815000E2F689 /* Debug */ = {
			isa = XCBuildConfiguration;
			baseConfigurationReference = 2FB1E376B50F78412CC4E058 /* Pods-MatrixPediaTests.debug.xcconfig */;
			buildSettings = {
				ALWAYS_EMBED_SWIFT_STANDARD_LIBRARIES = YES;
				BUNDLE_LOADER = "$(TEST_HOST)";
				CODE_SIGN_STYLE = Automatic;
				DEVELOPMENT_TEAM = 6SZ9MGTL76;
				INFOPLIST_FILE = MatrixPediaTests/Info.plist;
				LD_RUNPATH_SEARCH_PATHS = (
					"$(inherited)",
					"@executable_path/Frameworks",
					"@loader_path/Frameworks",
				);
				PRODUCT_BUNDLE_IDENTIFIER = com.adsilva.MatrixPediaTests;
				PRODUCT_NAME = "$(TARGET_NAME)";
				SWIFT_VERSION = 4.2;
				TARGETED_DEVICE_FAMILY = "1,2";
				TEST_HOST = "$(BUILT_PRODUCTS_DIR)/MatrixPedia.app/MatrixPedia";
			};
			name = Debug;
		};
		206A38F12193815000E2F689 /* Release */ = {
			isa = XCBuildConfiguration;
			baseConfigurationReference = 582B3656599B4EFAD4C5A3BF /* Pods-MatrixPediaTests.release.xcconfig */;
			buildSettings = {
				ALWAYS_EMBED_SWIFT_STANDARD_LIBRARIES = YES;
				BUNDLE_LOADER = "$(TEST_HOST)";
				CODE_SIGN_STYLE = Automatic;
				DEVELOPMENT_TEAM = 6SZ9MGTL76;
				INFOPLIST_FILE = MatrixPediaTests/Info.plist;
				LD_RUNPATH_SEARCH_PATHS = (
					"$(inherited)",
					"@executable_path/Frameworks",
					"@loader_path/Frameworks",
				);
				PRODUCT_BUNDLE_IDENTIFIER = com.adsilva.MatrixPediaTests;
				PRODUCT_NAME = "$(TARGET_NAME)";
				SWIFT_VERSION = 4.2;
				TARGETED_DEVICE_FAMILY = "1,2";
				TEST_HOST = "$(BUILT_PRODUCTS_DIR)/MatrixPedia.app/MatrixPedia";
			};
			name = Release;
		};
/* End XCBuildConfiguration section */

/* Begin XCConfigurationList section */
		206A38CA2193814E00E2F689 /* Build configuration list for PBXProject "MatrixPedia" */ = {
			isa = XCConfigurationList;
			buildConfigurations = (
				206A38EA2193815000E2F689 /* Debug */,
				206A38EB2193815000E2F689 /* Release */,
			);
			defaultConfigurationIsVisible = 0;
			defaultConfigurationName = Release;
		};
		206A38EC2193815000E2F689 /* Build configuration list for PBXNativeTarget "MatrixPedia" */ = {
			isa = XCConfigurationList;
			buildConfigurations = (
				206A38ED2193815000E2F689 /* Debug */,
				206A38EE2193815000E2F689 /* Release */,
			);
			defaultConfigurationIsVisible = 0;
			defaultConfigurationName = Release;
		};
		206A38EF2193815000E2F689 /* Build configuration list for PBXNativeTarget "MatrixPediaTests" */ = {
			isa = XCConfigurationList;
			buildConfigurations = (
				206A38F02193815000E2F689 /* Debug */,
				206A38F12193815000E2F689 /* Release */,
			);
			defaultConfigurationIsVisible = 0;
			defaultConfigurationName = Release;
		};
/* End XCConfigurationList section */
	};
	rootObject = 206A38C72193814E00E2F689 /* Project object */;
}
